
Microsoft Visual Studio Solution File, Format Version 12.00
# Visual Studio 2013
VisualStudioVersion = 12.0.31101.0
MinimumVisualStudioVersion = 10.0.40219.1
Project("{FAE04EC0-301F-11D3-BF4B-00C04F79EFBC}") = "MoqExample", "MoqExample\MoqExample.csproj", "{F7C0D4D9-F568-4A57-9932-5B4B442C0672}"
EndProject
Project("{FAE04EC0-301F-11D3-BF4B-00C04F79EFBC}") = "MoqExample.Tests", "MoqExample.Tests\MoqExample.Tests.csproj", "{1CB14528-60B2-4B71-9CF0-B11865AA9D07}"
EndProject
Project("{FAE04EC0-301F-11D3-BF4B-00C04F79EFBC}") = "MoqExample.Data", "MoqExample.Data\MoqExample.Data.csproj", "{6D24FE6A-5D0F-45BD-9CF9-B63EC5F55FC7}"
EndProject
Global
	GlobalSection(SolutionConfigurationPlatforms) = preSolution
		Debug|Any CPU = Debug|Any CPU
		Release|Any CPU = Release|Any CPU
	EndGlobalSection
	GlobalSection(ProjectConfigurationPlatforms) = postSolution
		{F7C0D4D9-F568-4A57-9932-5B4B442C0672}.Debug|Any CPU.ActiveCfg = Debug|Any CPU
		{F7C0D4D9-F568-4A57-9932-5B4B442C0672}.Debug|Any CPU.Build.0 = Debug|Any CPU
		{F7C0D4D9-F568-4A57-9932-5B4B442C0672}.Release|Any CPU.ActiveCfg = Release|Any CPU
		{F7C0D4D9-F568-4A57-9932-5B4B442C0672}.Release|Any CPU.Build.0 = Release|Any CPU
		{1CB14528-60B2-4B71-9CF0-B11865AA9D07}.Debug|Any CPU.ActiveCfg = Debug|Any CPU
		{1CB14528-60B2-4B71-9CF0-B11865AA9D07}.Debug|Any CPU.Build.0 = Debug|Any CPU
		{1CB14528-60B2-4B71-9CF0-B11865AA9D07}.Release|Any CPU.ActiveCfg = Release|Any CPU
		{1CB14528-60B2-4B71-9CF0-B11865AA9D07}.Release|Any CPU.Build.0 = Release|Any CPU
		{6D24FE6A-5D0F-45BD-9CF9-B63EC5F55FC7}.Debug|Any CPU.ActiveCfg = Debug|Any CPU
		{6D24FE6A-5D0F-45BD-9CF9-B63EC5F55FC7}.Debug|Any CPU.Build.0 = Debug|Any CPU
		{6D24FE6A-5D0F-45BD-9CF9-B63EC5F55FC7}.Release|Any CPU.ActiveCfg = Release|Any CPU
		{6D24FE6A-5D0F-45BD-9CF9-B63EC5F55FC7}.Release|Any CPU.Build.0 = Release|Any CPU
	EndGlobalSection
	GlobalSection(SolutionProperties) = preSolution
		HideSolutionNode = FALSE
	EndGlobalSection
EndGlobal
